
Microsoft Visual Studio Solution File, Format Version 11.00
# Visual Studio 2010
Project("{FAE04EC0-301F-11D3-BF4B-00C04F79EFBC}") = "AStar", "AStar\AStar.csproj", "{E08ED123-8016-4704-AE95-CC92A8B679BE}"
EndProject
Global
	GlobalSection(SolutionConfigurationPlatforms) = preSolution
		Debug|x86 = Debug|x86
		Release|x86 = Release|x86
	EndGlobalSection
	GlobalSection(ProjectConfigurationPlatforms) = postSolution
		{E08ED123-8016-4704-AE95-CC92A8B679BE}.Debug|x86.ActiveCfg = Debug|x86
		{E08ED123-8016-4704-AE95-CC92A8B679BE}.Debug|x86.Build.0 = Debug|x86
		{E08ED123-8016-4704-AE95-CC92A8B679BE}.Release|x86.ActiveCfg = Release|x86
		{E08ED123-8016-4704-AE95-CC92A8B679BE}.Release|x86.Build.0 = Release|x86
	EndGlobalSection
	GlobalSection(SolutionProperties) = preSolution
		HideSolutionNode = FALSE
	EndGlobalSection
EndGlobal
